{
  "version": 4,
  "terraform_version": "0.12.24",
  "serial": 33,
  "lineage": "cdbbb50b-de72-5b23-3968-49dd7ad1d845",
  "outputs": {},
  "resources": [
    {
      "mode": "managed",
      "type": "aws_iam_group",
      "name": "staff_engineers",
      "provider": "provider.aws",
      "instances": [
        {
          "schema_version": 0,
          "attributes": {
            "arn": "arn:aws:iam::436791802080:group/staff-engineers",
            "id": "staff-engineers",
            "name": "staff-engineers",
            "path": "/",
            "unique_id": "AGPAWLMWR7DQAUC3LN2AI"
          },
          "private": "bnVsbA=="
        }
      ]
    },
    {
      "mode": "managed",
      "type": "aws_iam_policy",
      "name": "root",
      "provider": "provider.aws",
      "instances": [
        {
          "schema_version": 0,
          "attributes": {
            "arn": "arn:aws:iam::436791802080:policy/root",
            "description": "God mode",
            "id": "arn:aws:iam::436791802080:policy/root",
            "name": "root",
            "name_prefix": null,
            "path": "/",
            "policy": "{\n  \"Version\": \"2012-10-17\",\n  \"Statement\": [\n    {\n      \"Action\": [\n        \"*\"\n      ],\n      \"Effect\": \"Allow\",\n      \"Resource\": \"*\"\n    }\n  ]\n}\n"
          },
          "private": "bnVsbA=="
        }
      ]
    },
    {
      "mode": "managed",
      "type": "aws_iam_policy_attachment",
      "name": "root_assignment",
      "provider": "provider.aws",
      "instances": [
        {
          "schema_version": 0,
          "attributes": {
            "groups": [
              "staff-engineers"
            ],
            "id": "root-assignment",
            "name": "root-assignment",
            "policy_arn": "arn:aws:iam::436791802080:policy/root",
            "roles": [],
            "users": []
          },
          "private": "bnVsbA==",
          "dependencies": [
            "aws_iam_group.staff_engineers",
            "aws_iam_policy.root"
          ]
        }
      ]
    },
    {
      "mode": "managed",
      "type": "aws_iam_role",
      "name": "s3_full_access",
      "provider": "provider.aws",
      "instances": [
        {
          "schema_version": 0,
          "attributes": {
            "arn": "arn:aws:iam::436791802080:role/s3-full-access",
            "assume_role_policy": "{\"Version\":\"2012-10-17\",\"Statement\":[{\"Sid\":\"foo\",\"Effect\":\"Allow\",\"Principal\":{\"Service\":\"ec2.amazonaws.com\"},\"Action\":\"sts:AssumeRole\"}]}",
            "create_date": "2020-05-15T07:44:36Z",
            "description": "",
            "force_detach_policies": false,
            "id": "s3-full-access",
            "max_session_duration": 3600,
            "name": "s3-full-access",
            "name_prefix": null,
            "path": "/",
            "permissions_boundary": null,
            "tags": {
              "tag-key": "tag-value"
            },
            "unique_id": "AROAWLMWR7DQDG7KSIUZE"
          },
          "private": "bnVsbA=="
        }
      ]
    },
    {
      "mode": "managed",
      "type": "aws_iam_user",
      "name": "erika_mustermann",
      "provider": "provider.aws",
      "instances": [
        {
          "schema_version": 0,
          "attributes": {
            "arn": "arn:aws:iam::436791802080:user/erika.mustermann",
            "force_destroy": false,
            "id": "erika.mustermann",
            "name": "erika.mustermann",
            "path": "/",
            "permissions_boundary": null,
            "tags": {},
            "unique_id": "AIDAWLMWR7DQECGKRWREK"
          },
          "private": "bnVsbA=="
        }
      ]
    },
    {
      "mode": "managed",
      "type": "aws_iam_user",
      "name": "max_mustermann",
      "provider": "provider.aws",
      "instances": [
        {
          "schema_version": 0,
          "attributes": {
            "arn": "arn:aws:iam::436791802080:user/max.mustermann",
            "force_destroy": false,
            "id": "max.mustermann",
            "name": "max.mustermann",
            "path": "/",
            "permissions_boundary": null,
            "tags": {},
            "unique_id": "AIDAWLMWR7DQAMJ65KLFY"
          },
          "private": "bnVsbA=="
        }
      ]
    },
    {
      "mode": "managed",
      "type": "aws_iam_user_group_membership",
      "name": "erika_memberships",
      "provider": "provider.aws",
      "instances": [
        {
          "schema_version": 0,
          "attributes": {
            "groups": [
              "staff-engineers"
            ],
            "id": "terraform-20200515065223481900000001",
            "user": "erika.mustermann"
          },
          "private": "bnVsbA==",
          "dependencies": [
            "aws_iam_group.staff_engineers",
            "aws_iam_user.erika_mustermann"
          ]
        }
      ]
    },
    {
      "mode": "managed",
      "type": "aws_s3_bucket",
      "name": "aux_storage_01",
      "provider": "provider.aws",
      "instances": [
        {
          "schema_version": 0,
          "attributes": {
            "acceleration_status": "",
            "acl": "private",
            "arn": "arn:aws:s3:::aux-storage-01",
            "bucket": "aux-storage-01",
            "bucket_domain_name": "aux-storage-01.s3.amazonaws.com",
            "bucket_prefix": null,
            "bucket_regional_domain_name": "aux-storage-01.s3.eu-central-1.amazonaws.com",
            "cors_rule": [],
            "force_destroy": false,
            "grant": [],
            "hosted_zone_id": "Z21DNDUVLTQW6Q",
            "id": "aux-storage-01",
            "lifecycle_rule": [],
            "logging": [],
            "object_lock_configuration": [],
            "policy": null,
            "region": "eu-central-1",
            "replication_configuration": [],
            "request_payer": "BucketOwner",
            "server_side_encryption_configuration": [],
            "tags": null,
            "versioning": [
              {
                "enabled": false,
                "mfa_delete": false
              }
            ],
            "website": [],
            "website_domain": null,
            "website_endpoint": null
          },
          "private": "bnVsbA=="
        }
      ]
    },
    {
      "mode": "managed",
      "type": "aws_s3_bucket_object",
      "name": "example_index",
      "provider": "provider.aws",
      "instances": [
        {
          "schema_version": 0,
          "attributes": {
            "acl": "private",
            "bucket": "aux-storage-01",
            "cache_control": "",
            "content": null,
            "content_base64": null,
            "content_disposition": "",
            "content_encoding": "",
            "content_language": "",
            "content_type": "binary/octet-stream",
            "etag": "a11264e1bc2918b162d917d7ff98e19f",
            "force_destroy": false,
            "id": "public/index.html",
            "key": "public/index.html",
            "kms_key_id": null,
            "metadata": null,
            "object_lock_legal_hold_status": "",
            "object_lock_mode": "",
            "object_lock_retain_until_date": "",
            "server_side_encryption": "",
            "source": "etc/index.html",
            "storage_class": "STANDARD",
            "tags": null,
            "version_id": "null",
            "website_redirect": ""
          },
          "private": "bnVsbA==",
          "dependencies": [
            "aws_s3_bucket.aux_storage_01"
          ]
        }
      ]
    }
  ]
}
